
Microsoft Visual Studio Solution File, Format Version 12.00
# Visual Studio Version 17
VisualStudioVersion = 17.4.33103.184
MinimumVisualStudioVersion = 10.0.40219.1
Project("{FAE04EC0-301F-11D3-BF4B-00C04F79EFBC}") = "atividade", "atividade\atividade.csproj", "{BA2519DE-2824-49CC-A0E4-DDA664E2326C}"
EndProject
Global
	GlobalSection(SolutionConfigurationPlatforms) = preSolution
		Debug|Any CPU = Debug|Any CPU
		Release|Any CPU = Release|Any CPU
	EndGlobalSection
	GlobalSection(ProjectConfigurationPlatforms) = postSolution
		{BA2519DE-2824-49CC-A0E4-DDA664E2326C}.Debug|Any CPU.ActiveCfg = Debug|Any CPU
		{BA2519DE-2824-49CC-A0E4-DDA664E2326C}.Debug|Any CPU.Build.0 = Debug|Any CPU
		{BA2519DE-2824-49CC-A0E4-DDA664E2326C}.Release|Any CPU.ActiveCfg = Release|Any CPU
		{BA2519DE-2824-49CC-A0E4-DDA664E2326C}.Release|Any CPU.Build.0 = Release|Any CPU
	EndGlobalSection
	GlobalSection(SolutionProperties) = preSolution
		HideSolutionNode = FALSE
	EndGlobalSection
	GlobalSection(ExtensibilityGlobals) = postSolution
		SolutionGuid = {2C09E94B-B342-4FA9-99C5-85B390F286AD}
	EndGlobalSection
EndGlobal
